<?xml version="1.0" encoding="utf-8"?>
<Project ToolsVersion="4.0" xmlns="http://schemas.microsoft.com/developer/msbuild/2003">
  <ItemGroup>
    <Filter Include="Source Files">
      <UniqueIdentifier>{fd707374-b497-4430-b432-38d6b15bef83}</UniqueIdentifier>
      <Extensions>cpp;c;cxx;rc;def;r;odl;idl;hpj;bat</Extensions>
    </Filter>
    <Filter Include="Header Files">
      <UniqueIdentifier>{9fbc6842-6201-4a94-8f6e-1816d3da11ba}</UniqueIdentifier>
      <Extensions>h;hpp;hxx;hm;inl</Extensions>
    </Filter>
  </ItemGroup>
  <ItemGroup>
    <ClCompile Include="TClientSocket.cpp">
      <Filter>Source Files</Filter>
    </ClCompile>
    <ClCompile Include="TComPort.cpp">
      <Filter>Source Files</Filter>
    </ClCompile>
    <ClCompile Include="TCppWebBrowser.cpp">
      <Filter>Source Files</Filter>
    </ClCompile>
    <ClCompile Include="TCustomSocket.cpp">
      <Filter>Source Files</Filter>
    </ClCompile>
    <ClCompile Include="TDdeClientConv.cpp">
      <Filter>Source Files</Filter>
    </ClCompile>
    <ClCompile Include="TDdeClientItem.cpp">
      <Filter>Source Files</Filter>
    </ClCompile>
    <ClCompile Include="TDdeServerConv.cpp">
      <Filter>Source Files</Filter>
    </ClCompile>
    <ClCompile Include="TDdeServerItem.cpp">
      <Filter>Source Files</Filter>
    </ClCompile>
    <ClCompile Include="TFactory_FVCL_Web.cpp">
      <Filter>Source Files</Filter>
    </ClCompile>
    <ClCompile Include="TServerSocket.cpp">
      <Filter>Source Files</Filter>
    </ClCompile>
  </ItemGroup>
  <ItemGroup>
    <ClInclude Include="..\..\Include\FreeVcl_Web.h">
      <Filter>Header Files</Filter>
    </ClInclude>
    <ClInclude Include="..\..\Include\TClientSocket.h">
      <Filter>Header Files</Filter>
    </ClInclude>
    <ClInclude Include="..\..\Include\TComPort.h">
      <Filter>Header Files</Filter>
    </ClInclude>
    <ClInclude Include="..\..\Include\TCustomSocket.h">
      <Filter>Header Files</Filter>
    </ClInclude>
    <ClInclude Include="..\..\Include\TDdeClientConv.h">
      <Filter>Header Files</Filter>
    </ClInclude>
    <ClInclude Include="..\..\Include\TDdeClientItem.h">
      <Filter>Header Files</Filter>
    </ClInclude>
    <ClInclude Include="..\..\Include\TDdeServerConv.h">
      <Filter>Header Files</Filter>
    </ClInclude>
    <ClInclude Include="..\..\Include\TDdeServerItem.h">
      <Filter>Header Files</Filter>
    </ClInclude>
    <ClInclude Include="..\..\Include\TServerSocket.h">
      <Filter>Header Files</Filter>
    </ClInclude>
    <ClInclude Include="..\..\Include\TFactory_FVCL_Web.h">
      <Filter>Header Files</Filter>
    </ClInclude>
    <ClInclude Include="..\..\Include\TCppWebBrowser.h">
      <Filter>Header Files</Filter>
    </ClInclude>
  </ItemGroup>
</Project>