
Microsoft Visual Studio Solution File, Format Version 11.00
# Visual C++ Express 2010
Project("{8BC9CEB8-8B4A-11D0-8D11-00A0C91BC942}") = "FVCLIDE", "FVCLIDE.vcxproj", "{43CD75DF-325A-4E88-BA23-C0E8A4B15EAD}"
EndProject
Project("{8BC9CEB8-8B4A-11D0-8D11-00A0C91BC942}") = "FreeVCL", "..\FreeVCL\FreeVCL\FreeVCL.vcxproj", "{F4369BF2-1E61-4F13-9E09-E8119D30D612}"
EndProject
Project("{8BC9CEB8-8B4A-11D0-8D11-00A0C91BC942}") = "FreeVCL_ToolsEDI", "..\FreeVCL\FreeVCL_ToolEDI\FreeVCL_ToolsEDI.vcxproj", "{711800EF-8A41-4A5B-9978-C22B0DAF8148}"
EndProject
Project("{8BC9CEB8-8B4A-11D0-8D11-00A0C91BC942}") = "CopyFile", "..\Plugins\Projects\CopyFile\CopyFile.vcxproj", "{AC346005-7450-4DFA-BE44-D3A54DDFDE0A}"
EndProject
Project("{8BC9CEB8-8B4A-11D0-8D11-00A0C91BC942}") = "WorkSpace", "..\Plugins\Projects\WorkSpace\WorkSpace.vcxproj", "{8D3059B8-96A6-4107-8752-2A37C41FF68D}"
EndProject
Project("{8BC9CEB8-8B4A-11D0-8D11-00A0C91BC942}") = "InnoSetup", "..\Plugins\Projects\InnoSetup\InnoSetup.vcxproj", "{532E173F-DB66-4088-A495-050D65FC8467}"
EndProject
Project("{8BC9CEB8-8B4A-11D0-8D11-00A0C91BC942}") = "Application", "..\Plugins\Projects\Application\Application.vcxproj", "{77A45D2F-F698-D6D6-0711-B456E965C891}"
	ProjectSection(ProjectDependencies) = postProject
		{F4369BF2-1E61-4F13-9E09-E8119D30D612} = {F4369BF2-1E61-4F13-9E09-E8119D30D612}
	EndProjectSection
EndProject
Project("{8BC9CEB8-8B4A-11D0-8D11-00A0C91BC942}") = "Command", "..\Plugins\Projects\Command\Command.vcxproj", "{02AEB37A-DEEF-4113-9E67-709325533751}"
EndProject
Project("{8BC9CEB8-8B4A-11D0-8D11-00A0C91BC942}") = "Doxygen", "..\Plugins\Projects\Doxygen\Doxygen.vcxproj", "{10778BC8-F007-DA8D-016A-86B5FD87DBFE}"
EndProject
Project("{8BC9CEB8-8B4A-11D0-8D11-00A0C91BC942}") = "FTPSynchro", "..\Plugins\Projects\FTPSynchro\FTPSynchro.vcxproj", "{1084026B-A459-4AF7-9896-8A5D5350FBA3}"
EndProject
Project("{8BC9CEB8-8B4A-11D0-8D11-00A0C91BC942}") = "Replace", "..\Plugins\Projects\Replace\Replace.vcxproj", "{B921141B-9F1F-D6D0-4093-DF1374351581}"
EndProject
Project("{8BC9CEB8-8B4A-11D0-8D11-00A0C91BC942}") = "Translate", "..\Tools\Translate\Translate.vcxproj", "{ACD675E1-0EB2-46DE-B08D-6D186FC443FE}"
EndProject
Project("{8BC9CEB8-8B4A-11D0-8D11-00A0C91BC942}") = "FreeVCL_Web", "..\FreeVCL\FreeVCL_Web\FreeVCL_Web.vcxproj", "{105FC39B-6EB1-4870-A884-785B7D78310F}"
EndProject
Project("{8BC9CEB8-8B4A-11D0-8D11-00A0C91BC942}") = "MAJPadFile", "..\Plugins\Projects\MAJPadFile\MAJPadFile.vcxproj", "{4741B85C-D961-B7F5-23FD-4EBC92CBC16E}"
EndProject
Project("{8BC9CEB8-8B4A-11D0-8D11-00A0C91BC942}") = "ApplicationCS", "..\Plugins\Projects\ApplicationCS\ApplicationCS.vcxproj", "{42BA982B-D4DA-31D9-12BD-951C544F5E9D}"
	ProjectSection(ProjectDependencies) = postProject
		{F4369BF2-1E61-4F13-9E09-E8119D30D612} = {F4369BF2-1E61-4F13-9E09-E8119D30D612}
	EndProjectSection
EndProject
Project("{8BC9CEB8-8B4A-11D0-8D11-00A0C91BC942}") = "FreeVCL_XFiles", "..\FreeVCL\FreeVCL_XFiles\FreeVCL_XFiles.vcxproj", "{534F1C71-B44C-4DA1-ACC7-8EEE2995575B}"
EndProject
Project("{8BC9CEB8-8B4A-11D0-8D11-00A0C91BC942}") = "FreeVCL_RichEdit", "..\FreeVCL\FreeVCL_RichEdit\FreeVCL_RichEdit.vcxproj", "{F10719D6-282A-4124-B7B6-5646C7CC604C}"
EndProject
Project("{8BC9CEB8-8B4A-11D0-8D11-00A0C91BC942}") = "ApplicationVHDL", "..\Plugins\Projects\ApplicationVHDL\ApplicationVHDL.vcxproj", "{24361F8F-E2A2-AEEC-499D-51CB1D648761}"
	ProjectSection(ProjectDependencies) = postProject
		{F4369BF2-1E61-4F13-9E09-E8119D30D612} = {F4369BF2-1E61-4F13-9E09-E8119D30D612}
	EndProjectSection
EndProject
Global
	GlobalSection(SolutionConfigurationPlatforms) = preSolution
		Debug|Win32 = Debug|Win32
		Debug|x64 = Debug|x64
		Release|Win32 = Release|Win32
		Release|x64 = Release|x64
	EndGlobalSection
	GlobalSection(ProjectConfigurationPlatforms) = postSolution
		{43CD75DF-325A-4E88-BA23-C0E8A4B15EAD}.Debug|Win32.ActiveCfg = Debug|Win32
		{43CD75DF-325A-4E88-BA23-C0E8A4B15EAD}.Debug|Win32.Build.0 = Debug|Win32
		{43CD75DF-325A-4E88-BA23-C0E8A4B15EAD}.Debug|x64.ActiveCfg = Debug|x64
		{43CD75DF-325A-4E88-BA23-C0E8A4B15EAD}.Debug|x64.Build.0 = Debug|x64
		{43CD75DF-325A-4E88-BA23-C0E8A4B15EAD}.Release|Win32.ActiveCfg = Release|Win32
		{43CD75DF-325A-4E88-BA23-C0E8A4B15EAD}.Release|Win32.Build.0 = Release|Win32
		{43CD75DF-325A-4E88-BA23-C0E8A4B15EAD}.Release|x64.ActiveCfg = Release|x64
		{43CD75DF-325A-4E88-BA23-C0E8A4B15EAD}.Release|x64.Build.0 = Release|x64
		{F4369BF2-1E61-4F13-9E09-E8119D30D612}.Debug|Win32.ActiveCfg = Debug|Win32
		{F4369BF2-1E61-4F13-9E09-E8119D30D612}.Debug|Win32.Build.0 = Debug|Win32
		{F4369BF2-1E61-4F13-9E09-E8119D30D612}.Debug|x64.ActiveCfg = Debug|x64
		{F4369BF2-1E61-4F13-9E09-E8119D30D612}.Debug|x64.Build.0 = Debug|x64
		{F4369BF2-1E61-4F13-9E09-E8119D30D612}.Release|Win32.ActiveCfg = Release|Win32
		{F4369BF2-1E61-4F13-9E09-E8119D30D612}.Release|Win32.Build.0 = Release|Win32
		{F4369BF2-1E61-4F13-9E09-E8119D30D612}.Release|x64.ActiveCfg = Release|x64
		{F4369BF2-1E61-4F13-9E09-E8119D30D612}.Release|x64.Build.0 = Release|x64
		{711800EF-8A41-4A5B-9978-C22B0DAF8148}.Debug|Win32.ActiveCfg = Debug|Win32
		{711800EF-8A41-4A5B-9978-C22B0DAF8148}.Debug|Win32.Build.0 = Debug|Win32
		{711800EF-8A41-4A5B-9978-C22B0DAF8148}.Debug|x64.ActiveCfg = Debug|x64
		{711800EF-8A41-4A5B-9978-C22B0DAF8148}.Debug|x64.Build.0 = Debug|x64
		{711800EF-8A41-4A5B-9978-C22B0DAF8148}.Release|Win32.ActiveCfg = Release|Win32
		{711800EF-8A41-4A5B-9978-C22B0DAF8148}.Release|Win32.Build.0 = Release|Win32
		{711800EF-8A41-4A5B-9978-C22B0DAF8148}.Release|x64.ActiveCfg = Release|x64
		{711800EF-8A41-4A5B-9978-C22B0DAF8148}.Release|x64.Build.0 = Release|x64
		{AC346005-7450-4DFA-BE44-D3A54DDFDE0A}.Debug|Win32.ActiveCfg = Debug|Win32
		{AC346005-7450-4DFA-BE44-D3A54DDFDE0A}.Debug|Win32.Build.0 = Debug|Win32
		{AC346005-7450-4DFA-BE44-D3A54DDFDE0A}.Debug|x64.ActiveCfg = Debug|x64
		{AC346005-7450-4DFA-BE44-D3A54DDFDE0A}.Debug|x64.Build.0 = Debug|x64
		{AC346005-7450-4DFA-BE44-D3A54DDFDE0A}.Release|Win32.ActiveCfg = Release|Win32
		{AC346005-7450-4DFA-BE44-D3A54DDFDE0A}.Release|Win32.Build.0 = Release|Win32
		{AC346005-7450-4DFA-BE44-D3A54DDFDE0A}.Release|x64.ActiveCfg = Release|x64
		{AC346005-7450-4DFA-BE44-D3A54DDFDE0A}.Release|x64.Build.0 = Release|x64
		{8D3059B8-96A6-4107-8752-2A37C41FF68D}.Debug|Win32.ActiveCfg = Debug|Win32
		{8D3059B8-96A6-4107-8752-2A37C41FF68D}.Debug|Win32.Build.0 = Debug|Win32
		{8D3059B8-96A6-4107-8752-2A37C41FF68D}.Debug|x64.ActiveCfg = Debug|x64
		{8D3059B8-96A6-4107-8752-2A37C41FF68D}.Debug|x64.Build.0 = Debug|x64
		{8D3059B8-96A6-4107-8752-2A37C41FF68D}.Release|Win32.ActiveCfg = Release|Win32
		{8D3059B8-96A6-4107-8752-2A37C41FF68D}.Release|Win32.Build.0 = Release|Win32
		{8D3059B8-96A6-4107-8752-2A37C41FF68D}.Release|x64.ActiveCfg = Release|x64
		{8D3059B8-96A6-4107-8752-2A37C41FF68D}.Release|x64.Build.0 = Release|x64
		{532E173F-DB66-4088-A495-050D65FC8467}.Debug|Win32.ActiveCfg = Debug|Win32
		{532E173F-DB66-4088-A495-050D65FC8467}.Debug|Win32.Build.0 = Debug|Win32
		{532E173F-DB66-4088-A495-050D65FC8467}.Debug|x64.ActiveCfg = Debug|x64
		{532E173F-DB66-4088-A495-050D65FC8467}.Debug|x64.Build.0 = Debug|x64
		{532E173F-DB66-4088-A495-050D65FC8467}.Release|Win32.ActiveCfg = Release|Win32
		{532E173F-DB66-4088-A495-050D65FC8467}.Release|Win32.Build.0 = Release|Win32
		{532E173F-DB66-4088-A495-050D65FC8467}.Release|x64.ActiveCfg = Release|x64
		{532E173F-DB66-4088-A495-050D65FC8467}.Release|x64.Build.0 = Release|x64
		{77A45D2F-F698-D6D6-0711-B456E965C891}.Debug|Win32.ActiveCfg = Debug|Win32
		{77A45D2F-F698-D6D6-0711-B456E965C891}.Debug|Win32.Build.0 = Debug|Win32
		{77A45D2F-F698-D6D6-0711-B456E965C891}.Debug|x64.ActiveCfg = Debug|x64
		{77A45D2F-F698-D6D6-0711-B456E965C891}.Debug|x64.Build.0 = Debug|x64
		{77A45D2F-F698-D6D6-0711-B456E965C891}.Release|Win32.ActiveCfg = Release|Win32
		{77A45D2F-F698-D6D6-0711-B456E965C891}.Release|Win32.Build.0 = Release|Win32
		{77A45D2F-F698-D6D6-0711-B456E965C891}.Release|x64.ActiveCfg = Release|x64
		{77A45D2F-F698-D6D6-0711-B456E965C891}.Release|x64.Build.0 = Release|x64
		{02AEB37A-DEEF-4113-9E67-709325533751}.Debug|Win32.ActiveCfg = Debug|Win32
		{02AEB37A-DEEF-4113-9E67-709325533751}.Debug|Win32.Build.0 = Debug|Win32
		{02AEB37A-DEEF-4113-9E67-709325533751}.Debug|x64.ActiveCfg = Debug|x64
		{02AEB37A-DEEF-4113-9E67-709325533751}.Debug|x64.Build.0 = Debug|x64
		{02AEB37A-DEEF-4113-9E67-709325533751}.Release|Win32.ActiveCfg = Release|Win32
		{02AEB37A-DEEF-4113-9E67-709325533751}.Release|Win32.Build.0 = Release|Win32
		{02AEB37A-DEEF-4113-9E67-709325533751}.Release|x64.ActiveCfg = Release|x64
		{02AEB37A-DEEF-4113-9E67-709325533751}.Release|x64.Build.0 = Release|x64
		{10778BC8-F007-DA8D-016A-86B5FD87DBFE}.Debug|Win32.ActiveCfg = Debug|Win32
		{10778BC8-F007-DA8D-016A-86B5FD87DBFE}.Debug|Win32.Build.0 = Debug|Win32
		{10778BC8-F007-DA8D-016A-86B5FD87DBFE}.Debug|x64.ActiveCfg = Debug|x64
		{10778BC8-F007-DA8D-016A-86B5FD87DBFE}.Debug|x64.Build.0 = Debug|x64
		{10778BC8-F007-DA8D-016A-86B5FD87DBFE}.Release|Win32.ActiveCfg = Release|Win32
		{10778BC8-F007-DA8D-016A-86B5FD87DBFE}.Release|Win32.Build.0 = Release|Win32
		{10778BC8-F007-DA8D-016A-86B5FD87DBFE}.Release|x64.ActiveCfg = Release|x64
		{10778BC8-F007-DA8D-016A-86B5FD87DBFE}.Release|x64.Build.0 = Release|x64
		{1084026B-A459-4AF7-9896-8A5D5350FBA3}.Debug|Win32.ActiveCfg = Debug|Win32
		{1084026B-A459-4AF7-9896-8A5D5350FBA3}.Debug|Win32.Build.0 = Debug|Win32
		{1084026B-A459-4AF7-9896-8A5D5350FBA3}.Debug|x64.ActiveCfg = Debug|x64
		{1084026B-A459-4AF7-9896-8A5D5350FBA3}.Debug|x64.Build.0 = Debug|x64
		{1084026B-A459-4AF7-9896-8A5D5350FBA3}.Release|Win32.ActiveCfg = Release|Win32
		{1084026B-A459-4AF7-9896-8A5D5350FBA3}.Release|Win32.Build.0 = Release|Win32
		{1084026B-A459-4AF7-9896-8A5D5350FBA3}.Release|x64.ActiveCfg = Release|x64
		{1084026B-A459-4AF7-9896-8A5D5350FBA3}.Release|x64.Build.0 = Release|x64
		{B921141B-9F1F-D6D0-4093-DF1374351581}.Debug|Win32.ActiveCfg = Debug|Win32
		{B921141B-9F1F-D6D0-4093-DF1374351581}.Debug|Win32.Build.0 = Debug|Win32
		{B921141B-9F1F-D6D0-4093-DF1374351581}.Debug|x64.ActiveCfg = Debug|x64
		{B921141B-9F1F-D6D0-4093-DF1374351581}.Debug|x64.Build.0 = Debug|x64
		{B921141B-9F1F-D6D0-4093-DF1374351581}.Release|Win32.ActiveCfg = Release|Win32
		{B921141B-9F1F-D6D0-4093-DF1374351581}.Release|Win32.Build.0 = Release|Win32
		{B921141B-9F1F-D6D0-4093-DF1374351581}.Release|x64.ActiveCfg = Release|x64
		{B921141B-9F1F-D6D0-4093-DF1374351581}.Release|x64.Build.0 = Release|x64
		{ACD675E1-0EB2-46DE-B08D-6D186FC443FE}.Debug|Win32.ActiveCfg = Debug|Win32
		{ACD675E1-0EB2-46DE-B08D-6D186FC443FE}.Debug|Win32.Build.0 = Debug|Win32
		{ACD675E1-0EB2-46DE-B08D-6D186FC443FE}.Debug|x64.ActiveCfg = Debug|x64
		{ACD675E1-0EB2-46DE-B08D-6D186FC443FE}.Debug|x64.Build.0 = Debug|x64
		{ACD675E1-0EB2-46DE-B08D-6D186FC443FE}.Release|Win32.ActiveCfg = Release|Win32
		{ACD675E1-0EB2-46DE-B08D-6D186FC443FE}.Release|Win32.Build.0 = Release|Win32
		{ACD675E1-0EB2-46DE-B08D-6D186FC443FE}.Release|x64.ActiveCfg = Release|x64
		{ACD675E1-0EB2-46DE-B08D-6D186FC443FE}.Release|x64.Build.0 = Release|x64
		{105FC39B-6EB1-4870-A884-785B7D78310F}.Debug|Win32.ActiveCfg = Debug|Win32
		{105FC39B-6EB1-4870-A884-785B7D78310F}.Debug|Win32.Build.0 = Debug|Win32
		{105FC39B-6EB1-4870-A884-785B7D78310F}.Debug|x64.ActiveCfg = Debug|x64
		{105FC39B-6EB1-4870-A884-785B7D78310F}.Debug|x64.Build.0 = Debug|x64
		{105FC39B-6EB1-4870-A884-785B7D78310F}.Release|Win32.ActiveCfg = Release|Win32
		{105FC39B-6EB1-4870-A884-785B7D78310F}.Release|Win32.Build.0 = Release|Win32
		{105FC39B-6EB1-4870-A884-785B7D78310F}.Release|x64.ActiveCfg = Release|x64
		{105FC39B-6EB1-4870-A884-785B7D78310F}.Release|x64.Build.0 = Release|x64
		{4741B85C-D961-B7F5-23FD-4EBC92CBC16E}.Debug|Win32.ActiveCfg = Debug|Win32
		{4741B85C-D961-B7F5-23FD-4EBC92CBC16E}.Debug|Win32.Build.0 = Debug|Win32
		{4741B85C-D961-B7F5-23FD-4EBC92CBC16E}.Debug|x64.ActiveCfg = Debug|x64
		{4741B85C-D961-B7F5-23FD-4EBC92CBC16E}.Debug|x64.Build.0 = Debug|x64
		{4741B85C-D961-B7F5-23FD-4EBC92CBC16E}.Release|Win32.ActiveCfg = Release|Win32
		{4741B85C-D961-B7F5-23FD-4EBC92CBC16E}.Release|Win32.Build.0 = Release|Win32
		{4741B85C-D961-B7F5-23FD-4EBC92CBC16E}.Release|x64.ActiveCfg = Release|x64
		{4741B85C-D961-B7F5-23FD-4EBC92CBC16E}.Release|x64.Build.0 = Release|x64
		{42BA982B-D4DA-31D9-12BD-951C544F5E9D}.Debug|Win32.ActiveCfg = Debug|Win32
		{42BA982B-D4DA-31D9-12BD-951C544F5E9D}.Debug|Win32.Build.0 = Debug|Win32
		{42BA982B-D4DA-31D9-12BD-951C544F5E9D}.Debug|x64.ActiveCfg = Debug|x64
		{42BA982B-D4DA-31D9-12BD-951C544F5E9D}.Debug|x64.Build.0 = Debug|x64
		{42BA982B-D4DA-31D9-12BD-951C544F5E9D}.Release|Win32.ActiveCfg = Release|Win32
		{42BA982B-D4DA-31D9-12BD-951C544F5E9D}.Release|Win32.Build.0 = Release|Win32
		{42BA982B-D4DA-31D9-12BD-951C544F5E9D}.Release|x64.ActiveCfg = Release|x64
		{42BA982B-D4DA-31D9-12BD-951C544F5E9D}.Release|x64.Build.0 = Release|x64
		{534F1C71-B44C-4DA1-ACC7-8EEE2995575B}.Debug|Win32.ActiveCfg = Debug|Win32
		{534F1C71-B44C-4DA1-ACC7-8EEE2995575B}.Debug|Win32.Build.0 = Debug|Win32
		{534F1C71-B44C-4DA1-ACC7-8EEE2995575B}.Debug|x64.ActiveCfg = Debug|x64
		{534F1C71-B44C-4DA1-ACC7-8EEE2995575B}.Debug|x64.Build.0 = Debug|x64
		{534F1C71-B44C-4DA1-ACC7-8EEE2995575B}.Release|Win32.ActiveCfg = Release|Win32
		{534F1C71-B44C-4DA1-ACC7-8EEE2995575B}.Release|Win32.Build.0 = Release|Win32
		{534F1C71-B44C-4DA1-ACC7-8EEE2995575B}.Release|x64.ActiveCfg = Release|x64
		{534F1C71-B44C-4DA1-ACC7-8EEE2995575B}.Release|x64.Build.0 = Release|x64
		{F10719D6-282A-4124-B7B6-5646C7CC604C}.Debug|Win32.ActiveCfg = Debug|Win32
		{F10719D6-282A-4124-B7B6-5646C7CC604C}.Debug|Win32.Build.0 = Debug|Win32
		{F10719D6-282A-4124-B7B6-5646C7CC604C}.Debug|x64.ActiveCfg = Debug|x64
		{F10719D6-282A-4124-B7B6-5646C7CC604C}.Debug|x64.Build.0 = Debug|x64
		{F10719D6-282A-4124-B7B6-5646C7CC604C}.Release|Win32.ActiveCfg = Release|Win32
		{F10719D6-282A-4124-B7B6-5646C7CC604C}.Release|Win32.Build.0 = Release|Win32
		{F10719D6-282A-4124-B7B6-5646C7CC604C}.Release|x64.ActiveCfg = Release|x64
		{F10719D6-282A-4124-B7B6-5646C7CC604C}.Release|x64.Build.0 = Release|x64
		{24361F8F-E2A2-AEEC-499D-51CB1D648761}.Debug|Win32.ActiveCfg = Debug|Win32
		{24361F8F-E2A2-AEEC-499D-51CB1D648761}.Debug|Win32.Build.0 = Debug|Win32
		{24361F8F-E2A2-AEEC-499D-51CB1D648761}.Debug|x64.ActiveCfg = Debug|x64
		{24361F8F-E2A2-AEEC-499D-51CB1D648761}.Debug|x64.Build.0 = Debug|x64
		{24361F8F-E2A2-AEEC-499D-51CB1D648761}.Release|Win32.ActiveCfg = Release|Win32
		{24361F8F-E2A2-AEEC-499D-51CB1D648761}.Release|Win32.Build.0 = Release|Win32
		{24361F8F-E2A2-AEEC-499D-51CB1D648761}.Release|x64.ActiveCfg = Release|x64
		{24361F8F-E2A2-AEEC-499D-51CB1D648761}.Release|x64.Build.0 = Release|x64
	EndGlobalSection
	GlobalSection(SolutionProperties) = preSolution
		HideSolutionNode = FALSE
	EndGlobalSection
EndGlobal
