<?xml version="1.0" encoding="utf-8"?>
<Project ToolsVersion="4.0" xmlns="http://schemas.microsoft.com/developer/msbuild/2003">
  <ItemGroup>
    <Filter Include="Source Files">
      <UniqueIdentifier>{fb930c7e-832b-4fe9-b782-1c0aff021690}</UniqueIdentifier>
      <Extensions>cpp;c;cxx;rc;def;r;odl;idl;hpj;bat</Extensions>
    </Filter>
    <Filter Include="Header Files">
      <UniqueIdentifier>{a04e7eab-8b9f-40e0-8038-b3bc53314b02}</UniqueIdentifier>
      <Extensions>h;hpp;hxx;hm;inl</Extensions>
    </Filter>
  </ItemGroup>
  <ItemGroup>
    <ClCompile Include="TBrushPdf.cpp">
      <Filter>Source Files</Filter>
    </ClCompile>
    <ClCompile Include="TCanvasPdf.cpp">
      <Filter>Source Files</Filter>
    </ClCompile>
    <ClCompile Include="TColorPdf.cpp">
      <Filter>Source Files</Filter>
    </ClCompile>
    <ClCompile Include="TDBFFile.cpp">
      <Filter>Source Files</Filter>
    </ClCompile>
    <ClCompile Include="TFactory_FVCL_XFiles.cpp">
      <Filter>Source Files</Filter>
    </ClCompile>
    <ClCompile Include="TFontPdf.cpp">
      <Filter>Source Files</Filter>
    </ClCompile>
    <ClCompile Include="TMetafile.cpp">
      <Filter>Source Files</Filter>
    </ClCompile>
    <ClCompile Include="TObjetPdf.cpp">
      <Filter>Source Files</Filter>
    </ClCompile>
    <ClCompile Include="TObjetPdfCatalog.cpp">
      <Filter>Source Files</Filter>
    </ClCompile>
    <ClCompile Include="TObjetPdfContent.cpp">
      <Filter>Source Files</Filter>
    </ClCompile>
    <ClCompile Include="TObjetPdfFont.cpp">
      <Filter>Source Files</Filter>
    </ClCompile>
    <ClCompile Include="TObjetPdfOutlines.cpp">
      <Filter>Source Files</Filter>
    </ClCompile>
    <ClCompile Include="TObjetPdfPage.cpp">
      <Filter>Source Files</Filter>
    </ClCompile>
    <ClCompile Include="TObjetPdfPages.cpp">
      <Filter>Source Files</Filter>
    </ClCompile>
    <ClCompile Include="TObjetPdfProcSet.cpp">
      <Filter>Source Files</Filter>
    </ClCompile>
    <ClCompile Include="TObjetPdfUnknown.cpp">
      <Filter>Source Files</Filter>
    </ClCompile>
    <ClCompile Include="TPDFFile.cpp">
      <Filter>Source Files</Filter>
    </ClCompile>
    <ClCompile Include="TPenPdf.cpp">
      <Filter>Source Files</Filter>
    </ClCompile>
    <ClCompile Include="TXMLFile.cpp">
      <Filter>Source Files</Filter>
    </ClCompile>
  </ItemGroup>
  <ItemGroup>
    <ClInclude Include="..\..\Include\TBrushPdf.h">
      <Filter>Header Files</Filter>
    </ClInclude>
    <ClInclude Include="..\..\Include\TCanvasPdf.h">
      <Filter>Header Files</Filter>
    </ClInclude>
    <ClInclude Include="..\..\Include\TColorPdf.h">
      <Filter>Header Files</Filter>
    </ClInclude>
    <ClInclude Include="..\..\Include\TDBFFile.h">
      <Filter>Header Files</Filter>
    </ClInclude>
    <ClInclude Include="..\..\Include\TFactory_FVCL_XFiles.h">
      <Filter>Header Files</Filter>
    </ClInclude>
    <ClInclude Include="..\..\Include\TFontPdf.h">
      <Filter>Header Files</Filter>
    </ClInclude>
    <ClInclude Include="..\..\Include\TMetafile.h">
      <Filter>Header Files</Filter>
    </ClInclude>
    <ClInclude Include="..\..\Include\TObjetPdf.h">
      <Filter>Header Files</Filter>
    </ClInclude>
    <ClInclude Include="..\..\Include\TObjetPdfCatalog.h">
      <Filter>Header Files</Filter>
    </ClInclude>
    <ClInclude Include="..\..\Include\TObjetPdfContent.h">
      <Filter>Header Files</Filter>
    </ClInclude>
    <ClInclude Include="..\..\Include\TObjetPdfFont.h">
      <Filter>Header Files</Filter>
    </ClInclude>
    <ClInclude Include="..\..\Include\TObjetPdfOutlines.h">
      <Filter>Header Files</Filter>
    </ClInclude>
    <ClInclude Include="..\..\Include\TObjetPdfPage.h">
      <Filter>Header Files</Filter>
    </ClInclude>
    <ClInclude Include="..\..\Include\TObjetPdfPages.h">
      <Filter>Header Files</Filter>
    </ClInclude>
    <ClInclude Include="..\..\Include\TObjetPdfProcSet.h">
      <Filter>Header Files</Filter>
    </ClInclude>
    <ClInclude Include="..\..\Include\TObjetPdfUnknown.h">
      <Filter>Header Files</Filter>
    </ClInclude>
    <ClInclude Include="..\..\Include\TPDFFile.h">
      <Filter>Header Files</Filter>
    </ClInclude>
    <ClInclude Include="..\..\Include\TPenPdf.h">
      <Filter>Header Files</Filter>
    </ClInclude>
    <ClInclude Include="..\..\Include\TXMLFile.h">
      <Filter>Header Files</Filter>
    </ClInclude>
    <ClInclude Include="..\..\Include\FreeVcl_XFiles.h">
      <Filter>Header Files</Filter>
    </ClInclude>
  </ItemGroup>
</Project>