<?xml version="1.0" encoding="utf-8"?>
<Project ToolsVersion="4.0" xmlns="http://schemas.microsoft.com/developer/msbuild/2003">
  <ItemGroup>
    <Filter Include="Source Files">
      <UniqueIdentifier>{0cacca6e-e168-4e24-a826-1c1472e9a14f}</UniqueIdentifier>
      <Extensions>cpp;c;cxx;rc;def;r;odl;idl;hpj;bat</Extensions>
    </Filter>
    <Filter Include="Header Files">
      <UniqueIdentifier>{67febce2-cb58-4837-8930-7ec3be87fd34}</UniqueIdentifier>
      <Extensions>h;hpp;hxx;hm;inl</Extensions>
    </Filter>
  </ItemGroup>
  <ItemGroup>
    <ClCompile Include="TFactory_FVCL_RichEdit.cpp">
      <Filter>Source Files</Filter>
    </ClCompile>
    <ClCompile Include="TParaAttributes.cpp">
      <Filter>Source Files</Filter>
    </ClCompile>
    <ClCompile Include="TRichEdit.cpp">
      <Filter>Source Files</Filter>
    </ClCompile>
    <ClCompile Include="TTextAttributes.cpp">
      <Filter>Source Files</Filter>
    </ClCompile>
  </ItemGroup>
  <ItemGroup>
    <ClInclude Include="..\..\Include\TFactory_FVCL_RichEdit.h">
      <Filter>Header Files</Filter>
    </ClInclude>
    <ClInclude Include="..\..\Include\TParaAttributes.h">
      <Filter>Header Files</Filter>
    </ClInclude>
    <ClInclude Include="..\..\Include\TRichEdit.h">
      <Filter>Header Files</Filter>
    </ClInclude>
    <ClInclude Include="..\..\Include\TTextAttributes.h">
      <Filter>Header Files</Filter>
    </ClInclude>
  </ItemGroup>
</Project>